
Microsoft Visual Studio Solution File, Format Version 12.00
# Visual Studio Version 16
VisualStudioVersion = 16.0.29025.244
MinimumVisualStudioVersion = 10.0.40219.1
Project("{FAE04EC0-301F-11D3-BF4B-00C04F79EFBC}") = "app_aspnet_core", "app_aspnet_core\app_aspnet_core.csproj", "{DBC6AFD2-C94E-4A3B-B94F-E4424F19AA89}"
EndProject
Global
	GlobalSection(SolutionConfigurationPlatforms) = preSolution
		Debug|Any CPU = Debug|Any CPU
		Release|Any CPU = Release|Any CPU
	EndGlobalSection
	GlobalSection(ProjectConfigurationPlatforms) = postSolution
		{DBC6AFD2-C94E-4A3B-B94F-E4424F19AA89}.Debug|Any CPU.ActiveCfg = Debug|Any CPU
		{DBC6AFD2-C94E-4A3B-B94F-E4424F19AA89}.Debug|Any CPU.Build.0 = Debug|Any CPU
		{DBC6AFD2-C94E-4A3B-B94F-E4424F19AA89}.Release|Any CPU.ActiveCfg = Release|Any CPU
		{DBC6AFD2-C94E-4A3B-B94F-E4424F19AA89}.Release|Any CPU.Build.0 = Release|Any CPU
	EndGlobalSection
	GlobalSection(SolutionProperties) = preSolution
		HideSolutionNode = FALSE
	EndGlobalSection
	GlobalSection(ExtensibilityGlobals) = postSolution
		SolutionGuid = {4DFAF935-B0B2-4BA8-9AE3-1D40CB1C05BE}
	EndGlobalSection
EndGlobal
